
Microsoft Visual Studio Solution File, Format Version 12.00
# Visual Studio Version 17
VisualStudioVersion = 17.3.32929.385
MinimumVisualStudioVersion = 10.0.40219.1
Project("{8BC9CEB8-8B4A-11D0-8D11-00A0C91BC942}") = "figure_relations", "figure_relations.vcxproj", "{29605100-13F7-472E-A8B2-7D0F285719BD}"
EndProject
Project("{2150E333-8FDC-42A3-9474-1A3956D46DE8}") = "Элементы решения", "Элементы решения", "{F1227205-B11A-445D-9DC6-5112DECD14DA}"
	ProjectSection(SolutionItems) = preProject
		circle.cpp = circle.cpp
		circle.h = circle.h
		figures.cpp = figures.cpp
		figures.h = figures.h
		main.cpp = main.cpp
		triangle.cpp = triangle.cpp
		triangle.h = triangle.h
	EndProjectSection
EndProject
Project("{2150E333-8FDC-42A3-9474-1A3956D46DE8}") = "Solution Items", "Solution Items", "{E367532E-E59D-4DDA-8E78-22319774F790}"
EndProject
Project("{8BC9CEB8-8B4A-11D0-8D11-00A0C91BC942}") = "FigureRelation-Test", "..\FigureRelation-Test\FigureRelation-Test.vcxproj", "{07EF405A-4BD2-454E-934D-C60C596FEDBA}"
EndProject
Global
	GlobalSection(SolutionConfigurationPlatforms) = preSolution
		Debug|x64 = Debug|x64
		Debug|x86 = Debug|x86
		Release|x64 = Release|x64
		Release|x86 = Release|x86
	EndGlobalSection
	GlobalSection(ProjectConfigurationPlatforms) = postSolution
		{29605100-13F7-472E-A8B2-7D0F285719BD}.Debug|x64.ActiveCfg = Debug|x64
		{29605100-13F7-472E-A8B2-7D0F285719BD}.Debug|x64.Build.0 = Debug|x64
		{29605100-13F7-472E-A8B2-7D0F285719BD}.Debug|x86.ActiveCfg = Debug|Win32
		{29605100-13F7-472E-A8B2-7D0F285719BD}.Debug|x86.Build.0 = Debug|Win32
		{29605100-13F7-472E-A8B2-7D0F285719BD}.Release|x64.ActiveCfg = Release|x64
		{29605100-13F7-472E-A8B2-7D0F285719BD}.Release|x64.Build.0 = Release|x64
		{29605100-13F7-472E-A8B2-7D0F285719BD}.Release|x86.ActiveCfg = Release|Win32
		{29605100-13F7-472E-A8B2-7D0F285719BD}.Release|x86.Build.0 = Release|Win32
		{07EF405A-4BD2-454E-934D-C60C596FEDBA}.Debug|x64.ActiveCfg = Debug|x64
		{07EF405A-4BD2-454E-934D-C60C596FEDBA}.Debug|x64.Build.0 = Debug|x64
		{07EF405A-4BD2-454E-934D-C60C596FEDBA}.Debug|x86.ActiveCfg = Debug|Win32
		{07EF405A-4BD2-454E-934D-C60C596FEDBA}.Debug|x86.Build.0 = Debug|Win32
		{07EF405A-4BD2-454E-934D-C60C596FEDBA}.Release|x64.ActiveCfg = Release|x64
		{07EF405A-4BD2-454E-934D-C60C596FEDBA}.Release|x64.Build.0 = Release|x64
		{07EF405A-4BD2-454E-934D-C60C596FEDBA}.Release|x86.ActiveCfg = Release|Win32
		{07EF405A-4BD2-454E-934D-C60C596FEDBA}.Release|x86.Build.0 = Release|Win32
	EndGlobalSection
	GlobalSection(SolutionProperties) = preSolution
		HideSolutionNode = FALSE
	EndGlobalSection
	GlobalSection(ExtensibilityGlobals) = postSolution
		SolutionGuid = {0536401F-B71D-46B1-9329-8915A73253A7}
	EndGlobalSection
EndGlobal
